# This file was autogenerated by Stack.
# You should not edit this file by hand.
# For more information, please see the documentation at:
#   https://docs.haskellstack.org/en/stable/lock_files

packages:
- completed:
    hackage: simplistic-generics-2.0.0@sha256:0d1867682a7b451bdb3b1e34a09614ceab065a79c733faa31393fbf33fe01809,1488
    pantry-tree:
      size: 886
      sha256: 5a4f700901153b694fc3b02fa9032ea60c95d6fef2fe184b3b0258b23fc24e30
  original:
    hackage: simplistic-generics-2.0.0
- completed:
    hackage: language-lua-0.11.0.1@sha256:b3bdf864965279f830323d5ed7d38073b2687b3a07b7fa73aa13782560f48f89,2919
    pantry-tree:
      size: 3473
      sha256: e4f6fcc91fbde9c6a6e3c9281a51dee49706d5868866695cc09f9bdf031799d4
  original:
    hackage: language-lua-0.11.0.1
- completed:
    hackage: alex-tools-0.4@sha256:7f24cb60ba88b04196965e78d7944d638b1a6034f0c9284bdf7d95e05c7be7c3,995
    pantry-tree:
      size: 262
      sha256: 98715aed391e9e76b61cc0491843b2a860d0aba0d062a4a696574632b8ad6753
  original:
    hackage: alex-tools-0.4
- completed:
    hackage: criterion-1.5.12.0@sha256:f9c8c0cff7d6796702849258b22df103cde5baa5ee1f085b6b59f37074ec303f,5273
    pantry-tree:
      size: 2323
      sha256: 92034e3e490c5fe0eab10277f6e35534b37dc0962347025630380c7d37d99ca1
  original:
    hackage: criterion-1.5.12.0
- completed:
    hackage: digest-0.0.1.3@sha256:2658eec5dd3516cd349aad4c2e734d4a6dbd5f3247c3feebd1e75d54a538c213,1575
    pantry-tree:
      size: 467
      sha256: 9ddc6a9b87b7213cd83afce2dd0bbbedd1a43c666cd9ffed465cbfb2e4f2cb83
  original:
    hackage: digest-0.0.1.3
- completed:
    hackage: js-chart-2.9.4.1@sha256:0f4bc23d19ac869ec0cbdbd7596a5074ba4be68e85fa5bb76a3bed559907b3bc,1802
    pantry-tree:
      size: 652
      sha256: 39a4777beb58727effeccb14d9f58f3d391446d035aefd30dd5eafe2a31b8ead
  original:
    hackage: js-chart-2.9.4.1
- completed:
    hackage: binary-0.8.7.0@sha256:ae3e6cca723ac55c54bbb3fa771bcf18142bc727afd57818e66d6ee6c8044f12,7705
    pantry-tree:
      size: 1976
      sha256: 35e44b6d3ccf0d56fc5407dc3f0895e74696a66da189afbd65973c95743f5e25
  original:
    hackage: binary-0.8.7.0@sha256:ae3e6cca723ac55c54bbb3fa771bcf18142bc727afd57818e66d6ee6c8044f12,7705
- completed:
    hackage: text-1.2.4.0@sha256:8c24450feb8e3bbb7ea3e17af24ef57e85db077c4bf53e5bcc345b283d1b1d5b,10081
    pantry-tree:
      size: 7457
      sha256: 3437b0a73ce2ae1a81aa8b3438d41a85981c00894cdbee0d6d6d6873046a5d5d
  original:
    hackage: text-1.2.4.0@sha256:8c24450feb8e3bbb7ea3e17af24ef57e85db077c4bf53e5bcc345b283d1b1d5b,10081
- completed:
    hackage: containers-0.5.11.0@sha256:28ad7337057442f75bc689315ab4ec7bdf5e6b2c39668f306672cecd82c02798,16685
    pantry-tree:
      size: 4849
      sha256: faa4e75922a28f7cfe9920c1d7ab3866b792cefcd29bf79f54cfe3b6b5f57cbf
  original:
    hackage: containers-0.5.11.0@sha256:28ad7337057442f75bc689315ab4ec7bdf5e6b2c39668f306672cecd82c02798,16685
- completed:
    hackage: language-bash-0.8.0@sha256:2a7b0498c029f0e7c30d3b273897e32036a629ff9ffa5c92ec2f3a51f46af86f,1620
    pantry-tree:
      size: 1006
      sha256: c39ea8b393d342ce492400f97c98a5af1edac5a345d34af84c3f9ca643553418
  original:
    hackage: language-bash-0.8.0@sha256:2a7b0498c029f0e7c30d3b273897e32036a629ff9ffa5c92ec2f3a51f46af86f,1620
- completed:
    hackage: language-python-0.5.6@sha256:ee38764d4e65a080651081a8e762cfc5dcdc36e540fe2a1a1ee8f726cbb5240d,2515
    pantry-tree:
      size: 2000
      sha256: a7f655e31e43d034c7430f532d2f734248340627c41a6998ddbef706159fd2be
  original:
    hackage: language-python-0.5.6@sha256:ee38764d4e65a080651081a8e762cfc5dcdc36e540fe2a1a1ee8f726cbb5240d,2515
- completed:
    hackage: language-rust-0.2.0.27@sha256:d96ec43076689ca8932a78b523b668de30a6b1f3b4fb6386017732028e591da7,6835
    pantry-tree:
      size: 2536
      sha256: e0c12c665be3f14ff26f28d7c6c5b0e0493de2fb6ab829d3596f43e801b26719
  original:
    hackage: language-rust-0.2.0.27@sha256:d96ec43076689ca8932a78b523b668de30a6b1f3b4fb6386017732028e591da7,6835
- completed:
    hackage: bytestring-0.10.8.2@sha256:8d9d06eebc99c400487de22404fc20059d7889845c13d6a65cae9140174811bf,8938
    pantry-tree:
      size: 2788
      sha256: b7070ca41bad14282eb0ea95e15f318eeb2fc5ccf8450d81b965c840a6e862d9
  original:
    hackage: bytestring-0.10.8.2
- completed:
    hackage: memory-0.14.18@sha256:a6d7a5a5dc87f995894ee4fd4d91fd1e97529740fae6d40ddbcc12d8a57e94cf,5096
    pantry-tree:
      size: 2509
      sha256: c904c86887d2621f706ca8590dab149e6bc249126c3f849e3adf6f909ba494f8
  original:
    hackage: memory-0.14.18
snapshots:
- completed:
    size: 523884
    url: https://raw.githubusercontent.com/commercialhaskell/stackage-snapshots/master/lts/14/4.yaml
    sha256: 16f24be248b42c9e16d59db84378836b1e7c239448a041cae46d32daffa45a8b
  original: lts-14.4
